
Microsoft Visual Studio Solution File, Format Version 12.00
# Visual Studio Version 17
VisualStudioVersion = 17.14.36908.2 d17.14
MinimumVisualStudioVersion = 10.0.40219.1
Project("{FAE04EC0-301F-11D3-BF4B-00C04F79EFBC}") = "BankingVault", "BankingVault.csproj", "{1869D509-0122-4848-8053-AEFFCB2DB18D}"
EndProject
Global
	GlobalSection(SolutionConfigurationPlatforms) = preSolution
		Debug|Any CPU = Debug|Any CPU
		Release|Any CPU = Release|Any CPU
	EndGlobalSection
	GlobalSection(ProjectConfigurationPlatforms) = postSolution
		{1869D509-0122-4848-8053-AEFFCB2DB18D}.Debug|Any CPU.ActiveCfg = Debug|Any CPU
		{1869D509-0122-4848-8053-AEFFCB2DB18D}.Debug|Any CPU.Build.0 = Debug|Any CPU
		{1869D509-0122-4848-8053-AEFFCB2DB18D}.Release|Any CPU.ActiveCfg = Release|Any CPU
		{1869D509-0122-4848-8053-AEFFCB2DB18D}.Release|Any CPU.Build.0 = Release|Any CPU
	EndGlobalSection
	GlobalSection(SolutionProperties) = preSolution
		HideSolutionNode = FALSE
	EndGlobalSection
	GlobalSection(ExtensibilityGlobals) = postSolution
		SolutionGuid = {D590F16E-0481-4452-B773-3E7A9BAAD58B}
	EndGlobalSection
EndGlobal
